// !$*UTF8*$!
{
	archiveVersion = 1;
	classes = {
	};
	objectVersion = 77;
	objects = {

/* Begin PBXContainerItemProxy section */
		6C1C36402F3525340065E1C2 /* PBXContainerItemProxy */ = {
			isa = PBXContainerItemProxy;
			containerPortal = 6C1C361E2F3525320065E1C2 /* Project object */;
			proxyType = 1;
			remoteGlobalIDString = 6C1C36252F3525330065E1C2;
			remoteInfo = "Anime Interval Timer";
		};
		6C1C364A2F3525340065E1C2 /* PBXContainerItemProxy */ = {
			isa = PBXContainerItemProxy;
			containerPortal = 6C1C361E2F3525320065E1C2 /* Project object */;
			proxyType = 1;
			remoteGlobalIDString = 6C1C36252F3525330065E1C2;
			remoteInfo = "Anime Interval Timer";
		};
/* End PBXContainerItemProxy section */

/* Begin PBXFileReference section */
		6C1C36262F3525330065E1C2 /* Anime Interval Timer.app */ = {isa = PBXFileReference; explicitFileType = wrapper.application; includeInIndex = 0; path = "Anime Interval Timer.app"; sourceTree = BUILT_PRODUCTS_DIR; };
		6C1C363F2F3525340065E1C2 /* Anime Interval TimerTests.xctest */ = {isa = PBXFileReference; explicitFileType = wrapper.cfbundle; includeInIndex = 0; path = "Anime Interval TimerTests.xctest"; sourceTree = BUILT_PRODUCTS_DIR; };
		6C1C36492F3525340065E1C2 /* Anime Interval TimerUITests.xctest */ = {isa = PBXFileReference; explicitFileType = wrapper.cfbundle; includeInIndex = 0; path = "Anime Interval TimerUITests.xctest"; sourceTree = BUILT_PRODUCTS_DIR; };
/* End PBXFileReference section */

/* Begin PBXFileSystemSynchronizedBuildFileExceptionSet section */
		6C1C36512F3525340065E1C2 /* Exceptions for "Anime Interval Timer" folder in "Anime Interval Timer" target */ = {
			isa = PBXFileSystemSynchronizedBuildFileExceptionSet;
			membershipExceptions = (
				Info.plist,
			);
			target = 6C1C36252F3525330065E1C2 /* Anime Interval Timer */;
		};
		6C4DAB662F44D8CD009CEC94 /* Exceptions for "Anime Interval Timer" folder in "Anime Interval TimerTests" target */ = {
			isa = PBXFileSystemSynchronizedBuildFileExceptionSet;
			membershipExceptions = (
				Features/Onboarding/OnboardingViewController.swift,
			);
			target = 6C1C363E2F3525340065E1C2 /* Anime Interval TimerTests */;
		};
		6C4DAB672F44D8CD009CEC94 /* Exceptions for "Anime Interval Timer" folder in "Anime Interval TimerUITests" target */ = {
			isa = PBXFileSystemSynchronizedBuildFileExceptionSet;
			membershipExceptions = (
				Features/Onboarding/OnboardingViewController.swift,
			);
			target = 6C1C36482F3525340065E1C2 /* Anime Interval TimerUITests */;
		};
/* End PBXFileSystemSynchronizedBuildFileExceptionSet section */

/* Begin PBXFileSystemSynchronizedRootGroup section */
		6C1C36282F3525330065E1C2 /* Anime Interval Timer */ = {
			isa = PBXFileSystemSynchronizedRootGroup;
			exceptions = (
				6C1C36512F3525340065E1C2 /* Exceptions for "Anime Interval Timer" folder in "Anime Interval Timer" target */,
				6C4DAB662F44D8CD009CEC94 /* Exceptions for "Anime Interval Timer" folder in "Anime Interval TimerTests" target */,
				6C4DAB672F44D8CD009CEC94 /* Exceptions for "Anime Interval Timer" folder in "Anime Interval TimerUITests" target */,
			);
			path = "Anime Interval Timer";
			sourceTree = "<group>";
		};
		6C1C36422F3525340065E1C2 /* Anime Interval TimerTests */ = {
			isa = PBXFileSystemSynchronizedRootGroup;
			path = "Anime Interval TimerTests";
			sourceTree = "<group>";
		};
		6C1C364C2F3525340065E1C2 /* Anime Interval TimerUITests */ = {
			isa = PBXFileSystemSynchronizedRootGroup;
			path = "Anime Interval TimerUITests";
			sourceTree = "<group>";
		};
/* End PBXFileSystemSynchronizedRootGroup section */

/* Begin PBXFrameworksBuildPhase section */
		6C1C36232F3525330065E1C2 /* Frameworks */ = {
			isa = PBXFrameworksBuildPhase;
			buildActionMask = 2147483647;
			files = (
			);
			runOnlyForDeploymentPostprocessing = 0;
		};
		6C1C363C2F3525340065E1C2 /* Frameworks */ = {
			isa = PBXFrameworksBuildPhase;
			buildActionMask = 2147483647;
			files = (
			);
			runOnlyForDeploymentPostprocessing = 0;
		};
		6C1C36462F3525340065E1C2 /* Frameworks */ = {
			isa = PBXFrameworksBuildPhase;
			buildActionMask = 2147483647;
			files = (
			);
			runOnlyForDeploymentPostprocessing = 0;
		};
/* End PBXFrameworksBuildPhase section */

/* Begin PBXGroup section */
		6C1C361D2F3525320065E1C2 = {
			isa = PBXGroup;
			children = (
				6C1C36282F3525330065E1C2 /* Anime Interval Timer */,
				6C1C36422F3525340065E1C2 /* Anime Interval TimerTests */,
				6C1C364C2F3525340065E1C2 /* Anime Interval TimerUITests */,
				6C1C36272F3525330065E1C2 /* Products */,
			);
			sourceTree = "<group>";
			usesTabs = 0;
		};
		6C1C36272F3525330065E1C2 /* Products */ = {
			isa = PBXGroup;
			children = (
				6C1C36262F3525330065E1C2 /* Anime Interval Timer.app */,
				6C1C363F2F3525340065E1C2 /* Anime Interval TimerTests.xctest */,
				6C1C36492F3525340065E1C2 /* Anime Interval TimerUITests.xctest */,
			);
			name = Products;
			sourceTree = "<group>";
		};
/* End PBXGroup section */

/* Begin PBXNativeTarget section */
		6C1C36252F3525330065E1C2 /* Anime Interval Timer */ = {
			isa = PBXNativeTarget;
			buildConfigurationList = 6C1C36522F3525340065E1C2 /* Build configuration list for PBXNativeTarget "Anime Interval Timer" */;
			buildPhases = (
				6C1C36222F3525330065E1C2 /* Sources */,
				6C1C36232F3525330065E1C2 /* Frameworks */,
				6C1C36242F3525330065E1C2 /* Resources */,
			);
			buildRules = (
			);
			dependencies = (
			);
			fileSystemSynchronizedGroups = (
				6C1C36282F3525330065E1C2 /* Anime Interval Timer */,
			);
			name = "Anime Interval Timer";
			packageProductDependencies = (
			);
			productName = "Anime Interval Timer";
			productReference = 6C1C36262F3525330065E1C2 /* Anime Interval Timer.app */;
			productType = "com.apple.product-type.application";
		};
		6C1C363E2F3525340065E1C2 /* Anime Interval TimerTests */ = {
			isa = PBXNativeTarget;
			buildConfigurationList = 6C1C36572F3525340065E1C2 /* Build configuration list for PBXNativeTarget "Anime Interval TimerTests" */;
			buildPhases = (
				6C1C363B2F3525340065E1C2 /* Sources */,
				6C1C363C2F3525340065E1C2 /* Frameworks */,
				6C1C363D2F3525340065E1C2 /* Resources */,
			);
			buildRules = (
			);
			dependencies = (
				6C1C36412F3525340065E1C2 /* PBXTargetDependency */,
			);
			fileSystemSynchronizedGroups = (
				6C1C36422F3525340065E1C2 /* Anime Interval TimerTests */,
			);
			name = "Anime Interval TimerTests";
			packageProductDependencies = (
			);
			productName = "Anime Interval TimerTests";
			productReference = 6C1C363F2F3525340065E1C2 /* Anime Interval TimerTests.xctest */;
			productType = "com.apple.product-type.bundle.unit-test";
		};
		6C1C36482F3525340065E1C2 /* Anime Interval TimerUITests */ = {
			isa = PBXNativeTarget;
			buildConfigurationList = 6C1C365A2F3525340065E1C2 /* Build configuration list for PBXNativeTarget "Anime Interval TimerUITests" */;
			buildPhases = (
				6C1C36452F3525340065E1C2 /* Sources */,
				6C1C36462F3525340065E1C2 /* Frameworks */,
				6C1C36472F3525340065E1C2 /* Resources */,
			);
			buildRules = (
			);
			dependencies = (
				6C1C364B2F3525340065E1C2 /* PBXTargetDependency */,
			);
			fileSystemSynchronizedGroups = (
				6C1C364C2F3525340065E1C2 /* Anime Interval TimerUITests */,
			);
			name = "Anime Interval TimerUITests";
			packageProductDependencies = (
			);
			productName = "Anime Interval TimerUITests";
			productReference = 6C1C36492F3525340065E1C2 /* Anime Interval TimerUITests.xctest */;
			productType = "com.apple.product-type.bundle.ui-testing";
		};
/* End PBXNativeTarget section */

/* Begin PBXProject section */
		6C1C361E2F3525320065E1C2 /* Project object */ = {
			isa = PBXProject;
			attributes = {
				BuildIndependentTargetsInParallel = 1;
				LastSwiftUpdateCheck = 2610;
				LastUpgradeCheck = 2610;
				TargetAttributes = {
					6C1C36252F3525330065E1C2 = {
						CreatedOnToolsVersion = 26.1.1;
					};
					6C1C363E2F3525340065E1C2 = {
						CreatedOnToolsVersion = 26.1.1;
						TestTargetID = 6C1C36252F3525330065E1C2;
					};
					6C1C36482F3525340065E1C2 = {
						CreatedOnToolsVersion = 26.1.1;
						TestTargetID = 6C1C36252F3525330065E1C2;
					};
				};
			};
			buildConfigurationList = 6C1C36212F3525320065E1C2 /* Build configuration list for PBXProject "Anime Interval Timer" */;
			developmentRegion = en;
			hasScannedForEncodings = 0;
			knownRegions = (
				en,
				Base,
			);
			mainGroup = 6C1C361D2F3525320065E1C2;
			minimizedProjectReferenceProxies = 1;
			preferredProjectObjectVersion = 77;
			productRefGroup = 6C1C36272F3525330065E1C2 /* Products */;
			projectDirPath = "";
			projectRoot = "";
			targets = (
				6C1C36252F3525330065E1C2 /* Anime Interval Timer */,
				6C1C363E2F3525340065E1C2 /* Anime Interval TimerTests */,
				6C1C36482F3525340065E1C2 /* Anime Interval TimerUITests */,
			);
		};
/* End PBXProject section */

/* Begin PBXResourcesBuildPhase section */
		6C1C36242F3525330065E1C2 /* Resources */ = {
			isa = PBXResourcesBuildPhase;
			buildActionMask = 2147483647;
			files = (
			);
			runOnlyForDeploymentPostprocessing = 0;
		};
		6C1C363D2F3525340065E1C2 /* Resources */ = {
			isa = PBXResourcesBuildPhase;
			buildActionMask = 2147483647;
			files = (
			);
			runOnlyForDeploymentPostprocessing = 0;
		};
		6C1C36472F3525340065E1C2 /* Resources */ = {
			isa = PBXResourcesBuildPhase;
			buildActionMask = 2147483647;
			files = (
			);
			runOnlyForDeploymentPostprocessing = 0;
		};
/* End PBXResourcesBuildPhase section */

/* Begin PBXSourcesBuildPhase section */
		6C1C36222F3525330065E1C2 /* Sources */ = {
			isa = PBXSourcesBuildPhase;
			buildActionMask = 2147483647;
			files = (
			);
			runOnlyForDeploymentPostprocessing = 0;
		};
		6C1C363B2F3525340065E1C2 /* Sources */ = {
			isa = PBXSourcesBuildPhase;
			buildActionMask = 2147483647;
			files = (
			);
			runOnlyForDeploymentPostprocessing = 0;
		};
		6C1C36452F3525340065E1C2 /* Sources */ = {
			isa = PBXSourcesBuildPhase;
			buildActionMask = 2147483647;
			files = (
			);
			runOnlyForDeploymentPostprocessing = 0;
		};
/* End PBXSourcesBuildPhase section */

/* Begin PBXTargetDependency section */
		6C1C36412F3525340065E1C2 /* PBXTargetDependency */ = {
			isa = PBXTargetDependency;
			target = 6C1C36252F3525330065E1C2 /* Anime Interval Timer */;
			targetProxy = 6C1C36402F3525340065E1C2 /* PBXContainerItemProxy */;
		};
		6C1C364B2F3525340065E1C2 /* PBXTargetDependency */ = {
			isa = PBXTargetDependency;
			target = 6C1C36252F3525330065E1C2 /* Anime Interval Timer */;
			targetProxy = 6C1C364A2F3525340065E1C2 /* PBXContainerItemProxy */;
		};
/* End PBXTargetDependency section */

/* Begin XCBuildConfiguration section */
		6C1C36532F3525340065E1C2 /* Debug */ = {
			isa = XCBuildConfiguration;
			buildSettings = {
				ASSETCATALOG_COMPILER_APPICON_NAME = AppIcon;
				ASSETCATALOG_COMPILER_GLOBAL_ACCENT_COLOR_NAME = AccentColor;
				CODE_SIGN_STYLE = Automatic;
				CURRENT_PROJECT_VERSION = 1;
				DEVELOPMENT_TEAM = TZZHL8ZKXL;
				GENERATE_INFOPLIST_FILE = YES;
				INFOPLIST_FILE = "Anime Interval Timer/Info.plist";
				INFOPLIST_KEY_UIApplicationSupportsIndirectInputEvents = YES;
				INFOPLIST_KEY_UILaunchStoryboardName = LaunchScreen;
				INFOPLIST_KEY_UIMainStoryboardFile = Main;
				INFOPLIST_KEY_UISupportedInterfaceOrientations_iPad = "UIInterfaceOrientationPortrait UIInterfaceOrientationPortraitUpsideDown UIInterfaceOrientationLandscapeLeft UIInterfaceOrientationLandscapeRight";
				INFOPLIST_KEY_UISupportedInterfaceOrientations_iPhone = "UIInterfaceOrientationPortrait UIInterfaceOrientationLandscapeLeft UIInterfaceOrientationLandscapeRight";
				LD_RUNPATH_SEARCH_PATHS = (
					"$(inherited)",
					"@executable_path/Frameworks",
				);
				MARKETING_VERSION = 1.0;
				PRODUCT_BUNDLE_IDENTIFIER = "dev.nazlican.Anime-Interval-Timer";
				PRODUCT_NAME = "$(TARGET_NAME)";
				STRING_CATALOG_GENERATE_SYMBOLS = YES;
				SWIFT_APPROACHABLE_CONCURRENCY = YES;
				SWIFT_DEFAULT_ACTOR_ISOLATION = MainActor;
				SWIFT_EMIT_LOC_STRINGS = YES;
				SWIFT_UPCOMING_FEATURE_MEMBER_IMPORT_VISIBILITY = YES;
				SWIFT_VERSION = 5.0;
				TARGETED_DEVICE_FAMILY = "1,2";
			};
			name = Debug;
		};
		6C1C36542F3525340065E1C2 /* Release */ = {
			isa = XCBuildConfiguration;
			buildSettings = {
				ASSETCATALOG_COMPILER_APPICON_NAME = AppIcon;
				ASSETCATALOG_COMPILER_GLOBAL_ACCENT_COLOR_NAME = AccentColor;
				CODE_SIGN_STYLE = Automatic;
				CURRENT_PROJECT_VERSION = 1;
				DEVELOPMENT_TEAM = TZZHL8ZKXL;
				GENERATE_INFOPLIST_FILE = YES;
				INFOPLIST_FILE = "Anime Interval Timer/Info.plist";
				INFOPLIST_KEY_UIApplicationSupportsIndirectInputEvents = YES;
				INFOPLIST_KEY_UILaunchStoryboardName = LaunchScreen;
				INFOPLIST_KEY_UIMainStoryboardFile = Main;
				INFOPLIST_KEY_UISupportedInterfaceOrientations_iPad = "UIInterfaceOrientationPortrait UIInterfaceOrientationPortraitUpsideDown UIInterfaceOrientationLandscapeLeft UIInterfaceOrientationLandscapeRight";
				INFOPLIST_KEY_UISupportedInterfaceOrientations_iPhone = "UIInterfaceOrientationPortrait UIInterfaceOrientationLandscapeLeft UIInterfaceOrientationLandscapeRight";
				LD_RUNPATH_SEARCH_PATHS = (
					"$(inherited)",
					"@executable_path/Frameworks",
				);
				MARKETING_VERSION = 1.0;
				PRODUCT_BUNDLE_IDENTIFIER = "dev.nazlican.Anime-Interval-Timer";
				PRODUCT_NAME = "$(TARGET_NAME)";
				STRING_CATALOG_GENERATE_SYMBOLS = YES;
				SWIFT_APPROACHABLE_CONCURRENCY = YES;
				SWIFT_DEFAULT_ACTOR_ISOLATION = MainActor;
				SWIFT_EMIT_LOC_STRINGS = YES;
				SWIFT_UPCOMING_FEATURE_MEMBER_IMPORT_VISIBILITY = YES;
				SWIFT_VERSION = 5.0;
				TARGETED_DEVICE_FAMILY = "1,2";
			};
			name = Release;
		};
		6C1C36552F3525340065E1C2 /* Debug */ = {
			isa = XCBuildConfiguration;
			buildSettings = {
				ALWAYS_SEARCH_USER_PATHS = NO;
				ASSETCATALOG_COMPILER_GENERATE_SWIFT_ASSET_SYMBOL_EXTENSIONS = YES;
				CLANG_ANALYZER_NONNULL = YES;
				CLANG_ANALYZER_NUMBER_OBJECT_CONVERSION = YES_AGGRESSIVE;
				CLANG_CXX_LANGUAGE_STANDARD = "gnu++20";
				CLANG_ENABLE_MODULES = YES;
				CLANG_ENABLE_OBJC_ARC = YES;
				CLANG_ENABLE_OBJC_WEAK = YES;
				CLANG_WARN_BLOCK_CAPTURE_AUTORELEASING = YES;
				CLANG_WARN_BOOL_CONVERSION = YES;
				CLANG_WARN_COMMA = YES;
				CLANG_WARN_CONSTANT_CONVERSION = YES;
				CLANG_WARN_DEPRECATED_OBJC_IMPLEMENTATIONS = YES;
				CLANG_WARN_DIRECT_OBJC_ISA_USAGE = YES_ERROR;
				CLANG_WARN_DOCUMENTATION_COMMENTS = YES;
				CLANG_WARN_EMPTY_BODY = YES;
				CLANG_WARN_ENUM_CONVERSION = YES;
				CLANG_WARN_INFINITE_RECURSION = YES;
				CLANG_WARN_INT_CONVERSION = YES;
				CLANG_WARN_NON_LITERAL_NULL_CONVERSION = YES;
				CLANG_WARN_OBJC_IMPLICIT_RETAIN_SELF = YES;
				CLANG_WARN_OBJC_LITERAL_CONVERSION = YES;
				CLANG_WARN_OBJC_ROOT_CLASS = YES_ERROR;
				CLANG_WARN_QUOTED_INCLUDE_IN_FRAMEWORK_HEADER = YES;
				CLANG_WARN_RANGE_LOOP_ANALYSIS = YES;
				CLANG_WARN_STRICT_PROTOTYPES = YES;
				CLANG_WARN_SUSPICIOUS_MOVE = YES;
				CLANG_WARN_UNGUARDED_AVAILABILITY = YES_AGGRESSIVE;
				CLANG_WARN_UNREACHABLE_CODE = YES;
				CLANG_WARN__DUPLICATE_METHOD_MATCH = YES;
				COPY_PHASE_STRIP = NO;
				DEBUG_INFORMATION_FORMAT = dwarf;
				DEVELOPMENT_TEAM = XRHYF5G2SJ;
				ENABLE_STRICT_OBJC_MSGSEND = YES;
				ENABLE_TESTABILITY = YES;
				ENABLE_USER_SCRIPT_SANDBOXING = YES;
				GCC_C_LANGUAGE_STANDARD = gnu17;
				GCC_DYNAMIC_NO_PIC = NO;
				GCC_NO_COMMON_BLOCKS = YES;
				GCC_OPTIMIZATION_LEVEL = 0;
				GCC_PREPROCESSOR_DEFINITIONS = (
					"DEBUG=1",
					"$(inherited)",
				);
				GCC_WARN_64_TO_32_BIT_CONVERSION = YES;
				GCC_WARN_ABOUT_RETURN_TYPE = YES_ERROR;
				GCC_WARN_UNDECLARED_SELECTOR = YES;
				GCC_WARN_UNINITIALIZED_AUTOS = YES_AGGRESSIVE;
				GCC_WARN_UNUSED_FUNCTION = YES;
				GCC_WARN_UNUSED_VARIABLE = YES;
				IPHONEOS_DEPLOYMENT_TARGET = 26.1;
				LOCALIZATION_PREFERS_STRING_CATALOGS = YES;
				MTL_ENABLE_DEBUG_INFO = INCLUDE_SOURCE;
				MTL_FAST_MATH = YES;
				ONLY_ACTIVE_ARCH = YES;
				SDKROOT = iphoneos;
				SWIFT_ACTIVE_COMPILATION_CONDITIONS = "DEBUG $(inherited)";
				SWIFT_OPTIMIZATION_LEVEL = "-Onone";
			};
			name = Debug;
		};
		6C1C36562F3525340065E1C2 /* Release */ = {
			isa = XCBuildConfiguration;
			buildSettings = {
				ALWAYS_SEARCH_USER_PATHS = NO;
				ASSETCATALOG_COMPILER_GENERATE_SWIFT_ASSET_SYMBOL_EXTENSIONS = YES;
				CLANG_ANALYZER_NONNULL = YES;
				CLANG_ANALYZER_NUMBER_OBJECT_CONVERSION = YES_AGGRESSIVE;
				CLANG_CXX_LANGUAGE_STANDARD = "gnu++20";
				CLANG_ENABLE_MODULES = YES;
				CLANG_ENABLE_OBJC_ARC = YES;
				CLANG_ENABLE_OBJC_WEAK = YES;
				CLANG_WARN_BLOCK_CAPTURE_AUTORELEASING = YES;
				CLANG_WARN_BOOL_CONVERSION = YES;
				CLANG_WARN_COMMA = YES;
				CLANG_WARN_CONSTANT_CONVERSION = YES;
				CLANG_WARN_DEPRECATED_OBJC_IMPLEMENTATIONS = YES;
				CLANG_WARN_DIRECT_OBJC_ISA_USAGE = YES_ERROR;
				CLANG_WARN_DOCUMENTATION_COMMENTS = YES;
				CLANG_WARN_EMPTY_BODY = YES;
				CLANG_WARN_ENUM_CONVERSION = YES;
				CLANG_WARN_INFINITE_RECURSION = YES;
				CLANG_WARN_INT_CONVERSION = YES;
				CLANG_WARN_NON_LITERAL_NULL_CONVERSION = YES;
				CLANG_WARN_OBJC_IMPLICIT_RETAIN_SELF = YES;
				CLANG_WARN_OBJC_LITERAL_CONVERSION = YES;
				CLANG_WARN_OBJC_ROOT_CLASS = YES_ERROR;
				CLANG_WARN_QUOTED_INCLUDE_IN_FRAMEWORK_HEADER = YES;
				CLANG_WARN_RANGE_LOOP_ANALYSIS = YES;
				CLANG_WARN_STRICT_PROTOTYPES = YES;
				CLANG_WARN_SUSPICIOUS_MOVE = YES;
				CLANG_WARN_UNGUARDED_AVAILABILITY = YES_AGGRESSIVE;
				CLANG_WARN_UNREACHABLE_CODE = YES;
				CLANG_WARN__DUPLICATE_METHOD_MATCH = YES;
				COPY_PHASE_STRIP = NO;
				DEBUG_INFORMATION_FORMAT = "dwarf-with-dsym";
				DEVELOPMENT_TEAM = XRHYF5G2SJ;
				ENABLE_NS_ASSERTIONS = NO;
				ENABLE_STRICT_OBJC_MSGSEND = YES;
				ENABLE_USER_SCRIPT_SANDBOXING = YES;
				GCC_C_LANGUAGE_STANDARD = gnu17;
				GCC_NO_COMMON_BLOCKS = YES;
				GCC_WARN_64_TO_32_BIT_CONVERSION = YES;
				GCC_WARN_ABOUT_RETURN_TYPE = YES_ERROR;
				GCC_WARN_UNDECLARED_SELECTOR = YES;
				GCC_WARN_UNINITIALIZED_AUTOS = YES_AGGRESSIVE;
				GCC_WARN_UNUSED_FUNCTION = YES;
				GCC_WARN_UNUSED_VARIABLE = YES;
				IPHONEOS_DEPLOYMENT_TARGET = 26.1;
				LOCALIZATION_PREFERS_STRING_CATALOGS = YES;
				MTL_ENABLE_DEBUG_INFO = NO;
				MTL_FAST_MATH = YES;
				SDKROOT = iphoneos;
				SWIFT_COMPILATION_MODE = wholemodule;
				VALIDATE_PRODUCT = YES;
			};
			name = Release;
		};
		6C1C36582F3525340065E1C2 /* Debug */ = {
			isa = XCBuildConfiguration;
			buildSettings = {
				BUNDLE_LOADER = "$(TEST_HOST)";
				CODE_SIGN_STYLE = Automatic;
				CURRENT_PROJECT_VERSION = 1;
				DEVELOPMENT_TEAM = TZZHL8ZKXL;
				GENERATE_INFOPLIST_FILE = YES;
				IPHONEOS_DEPLOYMENT_TARGET = 26.1;
				MARKETING_VERSION = 1.0;
				PRODUCT_BUNDLE_IDENTIFIER = "dev.nazlican.Anime-Interval-TimerTests";
				PRODUCT_NAME = "$(TARGET_NAME)";
				STRING_CATALOG_GENERATE_SYMBOLS = NO;
				SWIFT_APPROACHABLE_CONCURRENCY = YES;
				SWIFT_EMIT_LOC_STRINGS = NO;
				SWIFT_UPCOMING_FEATURE_MEMBER_IMPORT_VISIBILITY = YES;
				SWIFT_VERSION = 5.0;
				TARGETED_DEVICE_FAMILY = "1,2";
				TEST_HOST = "$(BUILT_PRODUCTS_DIR)/Anime Interval Timer.app/$(BUNDLE_EXECUTABLE_FOLDER_PATH)/Anime Interval Timer";
			};
			name = Debug;
		};
		6C1C36592F3525340065E1C2 /* Release */ = {
			isa = XCBuildConfiguration;
			buildSettings = {
				BUNDLE_LOADER = "$(TEST_HOST)";
				CODE_SIGN_STYLE = Automatic;
				CURRENT_PROJECT_VERSION = 1;
				DEVELOPMENT_TEAM = TZZHL8ZKXL;
				GENERATE_INFOPLIST_FILE = YES;
				IPHONEOS_DEPLOYMENT_TARGET = 26.1;
				MARKETING_VERSION = 1.0;
				PRODUCT_BUNDLE_IDENTIFIER = "dev.nazlican.Anime-Interval-TimerTests";
				PRODUCT_NAME = "$(TARGET_NAME)";
				STRING_CATALOG_GENERATE_SYMBOLS = NO;
				SWIFT_APPROACHABLE_CONCURRENCY = YES;
				SWIFT_EMIT_LOC_STRINGS = NO;
				SWIFT_UPCOMING_FEATURE_MEMBER_IMPORT_VISIBILITY = YES;
				SWIFT_VERSION = 5.0;
				TARGETED_DEVICE_FAMILY = "1,2";
				TEST_HOST = "$(BUILT_PRODUCTS_DIR)/Anime Interval Timer.app/$(BUNDLE_EXECUTABLE_FOLDER_PATH)/Anime Interval Timer";
			};
			name = Release;
		};
		6C1C365B2F3525340065E1C2 /* Debug */ = {
			isa = XCBuildConfiguration;
			buildSettings = {
				CODE_SIGN_STYLE = Automatic;
				CURRENT_PROJECT_VERSION = 1;
				DEVELOPMENT_TEAM = TZZHL8ZKXL;
				GENERATE_INFOPLIST_FILE = YES;
				MARKETING_VERSION = 1.0;
				PRODUCT_BUNDLE_IDENTIFIER = "dev.nazlican.Anime-Interval-TimerUITests";
				PRODUCT_NAME = "$(TARGET_NAME)";
				STRING_CATALOG_GENERATE_SYMBOLS = NO;
				SWIFT_APPROACHABLE_CONCURRENCY = YES;
				SWIFT_EMIT_LOC_STRINGS = NO;
				SWIFT_UPCOMING_FEATURE_MEMBER_IMPORT_VISIBILITY = YES;
				SWIFT_VERSION = 5.0;
				TARGETED_DEVICE_FAMILY = "1,2";
				TEST_TARGET_NAME = "Anime Interval Timer";
			};
			name = Debug;
		};
		6C1C365C2F3525340065E1C2 /* Release */ = {
			isa = XCBuildConfiguration;
			buildSettings = {
				CODE_SIGN_STYLE = Automatic;
				CURRENT_PROJECT_VERSION = 1;
				DEVELOPMENT_TEAM = TZZHL8ZKXL;
				GENERATE_INFOPLIST_FILE = YES;
				MARKETING_VERSION = 1.0;
				PRODUCT_BUNDLE_IDENTIFIER = "dev.nazlican.Anime-Interval-TimerUITests";
				PRODUCT_NAME = "$(TARGET_NAME)";
				STRING_CATALOG_GENERATE_SYMBOLS = NO;
				SWIFT_APPROACHABLE_CONCURRENCY = YES;
				SWIFT_EMIT_LOC_STRINGS = NO;
				SWIFT_UPCOMING_FEATURE_MEMBER_IMPORT_VISIBILITY = YES;
				SWIFT_VERSION = 5.0;
				TARGETED_DEVICE_FAMILY = "1,2";
				TEST_TARGET_NAME = "Anime Interval Timer";
			};
			name = Release;
		};
/* End XCBuildConfiguration section */

/* Begin XCConfigurationList section */
		6C1C36212F3525320065E1C2 /* Build configuration list for PBXProject "Anime Interval Timer" */ = {
			isa = XCConfigurationList;
			buildConfigurations = (
				6C1C36552F3525340065E1C2 /* Debug */,
				6C1C36562F3525340065E1C2 /* Release */,
			);
			defaultConfigurationIsVisible = 0;
			defaultConfigurationName = Release;
		};
		6C1C36522F3525340065E1C2 /* Build configuration list for PBXNativeTarget "Anime Interval Timer" */ = {
			isa = XCConfigurationList;
			buildConfigurations = (
				6C1C36532F3525340065E1C2 /* Debug */,
				6C1C36542F3525340065E1C2 /* Release */,
			);
			defaultConfigurationIsVisible = 0;
			defaultConfigurationName = Release;
		};
		6C1C36572F3525340065E1C2 /* Build configuration list for PBXNativeTarget "Anime Interval TimerTests" */ = {
			isa = XCConfigurationList;
			buildConfigurations = (
				6C1C36582F3525340065E1C2 /* Debug */,
				6C1C36592F3525340065E1C2 /* Release */,
			);
			defaultConfigurationIsVisible = 0;
			defaultConfigurationName = Release;
		};
		6C1C365A2F3525340065E1C2 /* Build configuration list for PBXNativeTarget "Anime Interval TimerUITests" */ = {
			isa = XCConfigurationList;
			buildConfigurations = (
				6C1C365B2F3525340065E1C2 /* Debug */,
				6C1C365C2F3525340065E1C2 /* Release */,
			);
			defaultConfigurationIsVisible = 0;
			defaultConfigurationName = Release;
		};
/* End XCConfigurationList section */
	};
	rootObject = 6C1C361E2F3525320065E1C2 /* Project object */;
}
